
Microsoft Visual Studio Solution File, Format Version 12.00
# Visual Studio Version 17
VisualStudioVersion = 17.0.31903.59
MinimumVisualStudioVersion = 10.0.40219.1
Project("{9A19103F-16F7-4668-BE54-9A1E7A4F7556}") = "Tests", "Tests\Tests.csproj", "{A83F3A42-0E65-4F8A-A4CA-A9BAD774F212}"
EndProject
Project("{9A19103F-16F7-4668-BE54-9A1E7A4F7556}") = "Producer", "Producer\Producer.csproj", "{CEEA0F8A-78A9-4F23-BB9D-CE98EB5EBE98}"
EndProject
Project("{9A19103F-16F7-4668-BE54-9A1E7A4F7556}") = "Subscriber", "Subscriber\Subscriber.csproj", "{D99959EB-AA9E-4630-BB4B-AF3FB8CFB368}"
EndProject
Global
	GlobalSection(SolutionConfigurationPlatforms) = preSolution
		Debug|Any CPU = Debug|Any CPU
		Release|Any CPU = Release|Any CPU
	EndGlobalSection
	GlobalSection(ProjectConfigurationPlatforms) = postSolution
		{A83F3A42-0E65-4F8A-A4CA-A9BAD774F212}.Debug|Any CPU.ActiveCfg = Debug|Any CPU
		{A83F3A42-0E65-4F8A-A4CA-A9BAD774F212}.Debug|Any CPU.Build.0 = Debug|Any CPU
		{A83F3A42-0E65-4F8A-A4CA-A9BAD774F212}.Release|Any CPU.ActiveCfg = Release|Any CPU
		{A83F3A42-0E65-4F8A-A4CA-A9BAD774F212}.Release|Any CPU.Build.0 = Release|Any CPU
		{CEEA0F8A-78A9-4F23-BB9D-CE98EB5EBE98}.Debug|Any CPU.ActiveCfg = Debug|Any CPU
		{CEEA0F8A-78A9-4F23-BB9D-CE98EB5EBE98}.Debug|Any CPU.Build.0 = Debug|Any CPU
		{CEEA0F8A-78A9-4F23-BB9D-CE98EB5EBE98}.Release|Any CPU.ActiveCfg = Release|Any CPU
		{CEEA0F8A-78A9-4F23-BB9D-CE98EB5EBE98}.Release|Any CPU.Build.0 = Release|Any CPU
		{D99959EB-AA9E-4630-BB4B-AF3FB8CFB368}.Debug|Any CPU.ActiveCfg = Debug|Any CPU
		{D99959EB-AA9E-4630-BB4B-AF3FB8CFB368}.Debug|Any CPU.Build.0 = Debug|Any CPU
		{D99959EB-AA9E-4630-BB4B-AF3FB8CFB368}.Release|Any CPU.ActiveCfg = Release|Any CPU
		{D99959EB-AA9E-4630-BB4B-AF3FB8CFB368}.Release|Any CPU.Build.0 = Release|Any CPU
	EndGlobalSection
	GlobalSection(SolutionProperties) = preSolution
		HideSolutionNode = FALSE
	EndGlobalSection
	GlobalSection(ExtensibilityGlobals) = postSolution
		SolutionGuid = {911A971C-F6E8-47D9-9AE9-F61C14A88060}
	EndGlobalSection
EndGlobal
